hash: e433102b19ef63729a7b2178d44611ad5590cef49d7f6519796bb2a175a44b14
updated: 2018-06-03T12:13:29.761498+08:00
imports:
- name: github.com/fishtrip/watchman
  version: e55610b9b19e0fa79de62121debd1a9a688920dc
- name: github.com/julienschmidt/httprouter
  version: 8c199fb6259ffc1af525cc3ad52ee60ba8359669
testImports: []
